// !$*UTF8*$!
{
	archiveVersion = 1;
	classes = {
	};
	objectVersion = 52;
	objects = {

/* Begin PBXBuildFile section */
		D81BC0B126AD816500D4D27D /* SpaceXRocketsApp.swift in Sources */ = {isa = PBXBuildFile; fileRef = D81BC0B026AD816500D4D27D /* SpaceXRocketsApp.swift */; };
		D81BC0B326AD816500D4D27D /* ContentView.swift in Sources */ = {isa = PBXBuildFile; fileRef = D81BC0B226AD816500D4D27D /* ContentView.swift */; };
		D81BC0B526AD816800D4D27D /* Assets.xcassets in Resources */ = {isa = PBXBuildFile; fileRef = D81BC0B426AD816800D4D27D /* Assets.xcassets */; };
		D81BC0B826AD816800D4D27D /* Preview Assets.xcassets in Resources */ = {isa = PBXBuildFile; fileRef = D81BC0B726AD816800D4D27D /* Preview Assets.xcassets */; };
		D81BC0C226ADEE5E00D4D27D /* Home.swift in Sources */ = {isa = PBXBuildFile; fileRef = D81BC0C126ADEE5E00D4D27D /* Home.swift */; };
		D81BC0C526ADEE9900D4D27D /* RocketListCell.swift in Sources */ = {isa = PBXBuildFile; fileRef = D81BC0C426ADEE9900D4D27D /* RocketListCell.swift */; };
		D81BC0C826ADEF5D00D4D27D /* RocketListViewModel.swift in Sources */ = {isa = PBXBuildFile; fileRef = D81BC0C726ADEF5D00D4D27D /* RocketListViewModel.swift */; };
		D81BC0CB26ADEFBC00D4D27D /* API.swift in Sources */ = {isa = PBXBuildFile; fileRef = D81BC0CA26ADEFBC00D4D27D /* API.swift */; };
		D81BC0CE26ADEFEF00D4D27D /* Alamofire in Frameworks */ = {isa = PBXBuildFile; productRef = D81BC0CD26ADEFEF00D4D27D /* Alamofire */; };
		D81BC0D026ADF01800D4D27D /* APIPaths.swift in Sources */ = {isa = PBXBuildFile; fileRef = D81BC0CF26ADF01800D4D27D /* APIPaths.swift */; };
		D81BC0D326ADF07D00D4D27D /* Rocket.swift in Sources */ = {isa = PBXBuildFile; fileRef = D81BC0D226ADF07D00D4D27D /* Rocket.swift */; };
		D82E0BD226B05C9C00BEBAB6 /* LoadingIndicator.swift in Sources */ = {isa = PBXBuildFile; fileRef = D82E0BD126B05C9C00BEBAB6 /* LoadingIndicator.swift */; };
		D879783726B04DC800D7CBEF /* WebView.swift in Sources */ = {isa = PBXBuildFile; fileRef = D879783626B04DC800D7CBEF /* WebView.swift */; };
		D8DFB52626AECBEF00A81C6F /* RocketDetail.swift in Sources */ = {isa = PBXBuildFile; fileRef = D8DFB52526AECBEF00A81C6F /* RocketDetail.swift */; };
		D8DFB52926AEDE2200A81C6F /* Kingfisher in Frameworks */ = {isa = PBXBuildFile; productRef = D8DFB52826AEDE2200A81C6F /* Kingfisher */; };
		D8DFB52D26AEDE7B00A81C6F /* Image+Extension.swift in Sources */ = {isa = PBXBuildFile; fileRef = D8DFB52C26AEDE7B00A81C6F /* Image+Extension.swift */; };
/* End PBXBuildFile section */

/* Begin PBXFileReference section */
		D81BC0AD26AD816500D4D27D /* SpaceXRockets.app */ = {isa = PBXFileReference; explicitFileType = wrapper.application; includeInIndex = 0; path = SpaceXRockets.app; sourceTree = BUILT_PRODUCTS_DIR; };
		D81BC0B026AD816500D4D27D /* SpaceXRocketsApp.swift */ = {isa = PBXFileReference; lastKnownFileType = sourcecode.swift; path = SpaceXRocketsApp.swift; sourceTree = "<group>"; };
		D81BC0B226AD816500D4D27D /* ContentView.swift */ = {isa = PBXFileReference; lastKnownFileType = sourcecode.swift; path = ContentView.swift; sourceTree = "<group>"; };
		D81BC0B426AD816800D4D27D /* Assets.xcassets */ = {isa = PBXFileReference; lastKnownFileType = folder.assetcatalog; path = Assets.xcassets; sourceTree = "<group>"; };
		D81BC0B726AD816800D4D27D /* Preview Assets.xcassets */ = {isa = PBXFileReference; lastKnownFileType = folder.assetcatalog; path = "Preview Assets.xcassets"; sourceTree = "<group>"; };
		D81BC0B926AD816800D4D27D /* Info.plist */ = {isa = PBXFileReference; lastKnownFileType = text.plist.xml; path = Info.plist; sourceTree = "<group>"; };
		D81BC0C126ADEE5E00D4D27D /* Home.swift */ = {isa = PBXFileReference; lastKnownFileType = sourcecode.swift; path = Home.swift; sourceTree = "<group>"; };
		D81BC0C426ADEE9900D4D27D /* RocketListCell.swift */ = {isa = PBXFileReference; lastKnownFileType = sourcecode.swift; path = RocketListCell.swift; sourceTree = "<group>"; };
		D81BC0C726ADEF5D00D4D27D /* RocketListViewModel.swift */ = {isa = PBXFileReference; lastKnownFileType = sourcecode.swift; path = RocketListViewModel.swift; sourceTree = "<group>"; };
		D81BC0CA26ADEFBC00D4D27D /* API.swift */ = {isa = PBXFileReference; fileEncoding = 4; lastKnownFileType = sourcecode.swift; path = API.swift; sourceTree = "<group>"; };
		D81BC0CF26ADF01800D4D27D /* APIPaths.swift */ = {isa = PBXFileReference; fileEncoding = 4; lastKnownFileType = sourcecode.swift; path = APIPaths.swift; sourceTree = "<group>"; };
		D81BC0D226ADF07D00D4D27D /* Rocket.swift */ = {isa = PBXFileReference; lastKnownFileType = sourcecode.swift; path = Rocket.swift; sourceTree = "<group>"; };
		D82E0BD126B05C9C00BEBAB6 /* LoadingIndicator.swift */ = {isa = PBXFileReference; lastKnownFileType = sourcecode.swift; path = LoadingIndicator.swift; sourceTree = "<group>"; };
		D879783626B04DC800D7CBEF /* WebView.swift */ = {isa = PBXFileReference; lastKnownFileType = sourcecode.swift; path = WebView.swift; sourceTree = "<group>"; };
		D8DFB52526AECBEF00A81C6F /* RocketDetail.swift */ = {isa = PBXFileReference; lastKnownFileType = sourcecode.swift; path = RocketDetail.swift; sourceTree = "<group>"; };
		D8DFB52C26AEDE7B00A81C6F /* Image+Extension.swift */ = {isa = PBXFileReference; lastKnownFileType = sourcecode.swift; path = "Image+Extension.swift"; sourceTree = "<group>"; };
/* End PBXFileReference section */

/* Begin PBXFrameworksBuildPhase section */
		D81BC0AA26AD816500D4D27D /* Frameworks */ = {
			isa = PBXFrameworksBuildPhase;
			buildActionMask = 2147483647;
			files = (
				D8DFB52926AEDE2200A81C6F /* Kingfisher in Frameworks */,
				D81BC0CE26ADEFEF00D4D27D /* Alamofire in Frameworks */,
			);
			runOnlyForDeploymentPostprocessing = 0;
		};
/* End PBXFrameworksBuildPhase section */

/* Begin PBXGroup section */
		D81BC0A426AD816500D4D27D = {
			isa = PBXGroup;
			children = (
				D81BC0AF26AD816500D4D27D /* SpaceXRockets */,
				D81BC0AE26AD816500D4D27D /* Products */,
			);
			sourceTree = "<group>";
		};
		D81BC0AE26AD816500D4D27D /* Products */ = {
			isa = PBXGroup;
			children = (
				D81BC0AD26AD816500D4D27D /* SpaceXRockets.app */,
			);
			name = Products;
			sourceTree = "<group>";
		};
		D81BC0AF26AD816500D4D27D /* SpaceXRockets */ = {
			isa = PBXGroup;
			children = (
				D8DFB52A26AEDE2900A81C6F /* Helpers */,
				D81BC0C926ADEF9500D4D27D /* Network */,
				D81BC0D126ADF04400D4D27D /* Models */,
				D81BC0C626ADEF5000D4D27D /* ViewModels */,
				D81BC0BF26ADEE4A00D4D27D /* Views */,
				D81BC0B026AD816500D4D27D /* SpaceXRocketsApp.swift */,
				D81BC0B226AD816500D4D27D /* ContentView.swift */,
				D81BC0B426AD816800D4D27D /* Assets.xcassets */,
				D81BC0B926AD816800D4D27D /* Info.plist */,
				D81BC0B626AD816800D4D27D /* Preview Content */,
			);
			path = SpaceXRockets;
			sourceTree = "<group>";
		};
		D81BC0B626AD816800D4D27D /* Preview Content */ = {
			isa = PBXGroup;
			children = (
				D81BC0B726AD816800D4D27D /* Preview Assets.xcassets */,
			);
			path = "Preview Content";
			sourceTree = "<group>";
		};
		D81BC0BF26ADEE4A00D4D27D /* Views */ = {
			isa = PBXGroup;
			children = (
				D8DFB52426AECBD300A81C6F /* RocketDetail */,
				D81BC0C026ADEE5000D4D27D /* Home */,
			);
			path = Views;
			sourceTree = "<group>";
		};
		D81BC0C026ADEE5000D4D27D /* Home */ = {
			isa = PBXGroup;
			children = (
				D81BC0C326ADEE7C00D4D27D /* Cell */,
				D81BC0C126ADEE5E00D4D27D /* Home.swift */,
			);
			path = Home;
			sourceTree = "<group>";
		};
		D81BC0C326ADEE7C00D4D27D /* Cell */ = {
			isa = PBXGroup;
			children = (
				D81BC0C426ADEE9900D4D27D /* RocketListCell.swift */,
			);
			path = Cell;
			sourceTree = "<group>";
		};
		D81BC0C626ADEF5000D4D27D /* ViewModels */ = {
			isa = PBXGroup;
			children = (
				D81BC0C726ADEF5D00D4D27D /* RocketListViewModel.swift */,
			);
			path = ViewModels;
			sourceTree = "<group>";
		};
		D81BC0C926ADEF9500D4D27D /* Network */ = {
			isa = PBXGroup;
			children = (
				D81BC0CA26ADEFBC00D4D27D /* API.swift */,
				D81BC0CF26ADF01800D4D27D /* APIPaths.swift */,
			);
			path = Network;
			sourceTree = "<group>";
		};
		D81BC0D126ADF04400D4D27D /* Models */ = {
			isa = PBXGroup;
			children = (
				D81BC0D226ADF07D00D4D27D /* Rocket.swift */,
			);
			path = Models;
			sourceTree = "<group>";
		};
		D82E0BCF26B05C7A00BEBAB6 /* CustomViews */ = {
			isa = PBXGroup;
			children = (
				D82E0BD026B05C8400BEBAB6 /* LoadingIndicator */,
			);
			path = CustomViews;
			sourceTree = "<group>";
		};
		D82E0BD026B05C8400BEBAB6 /* LoadingIndicator */ = {
			isa = PBXGroup;
			children = (
				D82E0BD126B05C9C00BEBAB6 /* LoadingIndicator.swift */,
			);
			path = LoadingIndicator;
			sourceTree = "<group>";
		};
		D879783526B04DA400D7CBEF /* UIViewRepresentables */ = {
			isa = PBXGroup;
			children = (
				D879783626B04DC800D7CBEF /* WebView.swift */,
			);
			path = UIViewRepresentables;
			sourceTree = "<group>";
		};
		D8DFB52426AECBD300A81C6F /* RocketDetail */ = {
			isa = PBXGroup;
			children = (
				D8DFB52526AECBEF00A81C6F /* RocketDetail.swift */,
			);
			path = RocketDetail;
			sourceTree = "<group>";
		};
		D8DFB52A26AEDE2900A81C6F /* Helpers */ = {
			isa = PBXGroup;
			children = (
				D82E0BCF26B05C7A00BEBAB6 /* CustomViews */,
				D879783526B04DA400D7CBEF /* UIViewRepresentables */,
				D8DFB52B26AEDE3500A81C6F /* Extensions */,
			);
			path = Helpers;
			sourceTree = "<group>";
		};
		D8DFB52B26AEDE3500A81C6F /* Extensions */ = {
			isa = PBXGroup;
			children = (
				D8DFB52C26AEDE7B00A81C6F /* Image+Extension.swift */,
			);
			path = Extensions;
			sourceTree = "<group>";
		};
/* End PBXGroup section */

/* Begin PBXNativeTarget section */
		D81BC0AC26AD816500D4D27D /* SpaceXRockets */ = {
			isa = PBXNativeTarget;
			buildConfigurationList = D81BC0BC26AD816800D4D27D /* Build configuration list for PBXNativeTarget "SpaceXRockets" */;
			buildPhases = (
				D81BC0A926AD816500D4D27D /* Sources */,
				D81BC0AA26AD816500D4D27D /* Frameworks */,
				D81BC0AB26AD816500D4D27D /* Resources */,
			);
			buildRules = (
			);
			dependencies = (
			);
			name = SpaceXRockets;
			packageProductDependencies = (
				D81BC0CD26ADEFEF00D4D27D /* Alamofire */,
				D8DFB52826AEDE2200A81C6F /* Kingfisher */,
			);
			productName = SpaceXRockets;
			productReference = D81BC0AD26AD816500D4D27D /* SpaceXRockets.app */;
			productType = "com.apple.product-type.application";
		};
/* End PBXNativeTarget section */

/* Begin PBXProject section */
		D81BC0A526AD816500D4D27D /* Project object */ = {
			isa = PBXProject;
			attributes = {
				LastSwiftUpdateCheck = 1250;
				LastUpgradeCheck = 1250;
				TargetAttributes = {
					D81BC0AC26AD816500D4D27D = {
						CreatedOnToolsVersion = 12.5.1;
					};
				};
			};
			buildConfigurationList = D81BC0A826AD816500D4D27D /* Build configuration list for PBXProject "SpaceXRockets" */;
			compatibilityVersion = "Xcode 9.3";
			developmentRegion = en;
			hasScannedForEncodings = 0;
			knownRegions = (
				en,
				Base,
			);
			mainGroup = D81BC0A426AD816500D4D27D;
			packageReferences = (
				D81BC0CC26ADEFEF00D4D27D /* XCRemoteSwiftPackageReference "Alamofire" */,
				D8DFB52726AEDE2200A81C6F /* XCRemoteSwiftPackageReference "Kingfisher" */,
			);
			productRefGroup = D81BC0AE26AD816500D4D27D /* Products */;
			projectDirPath = "";
			projectRoot = "";
			targets = (
				D81BC0AC26AD816500D4D27D /* SpaceXRockets */,
			);
		};
/* End PBXProject section */

/* Begin PBXResourcesBuildPhase section */
		D81BC0AB26AD816500D4D27D /* Resources */ = {
			isa = PBXResourcesBuildPhase;
			buildActionMask = 2147483647;
			files = (
				D81BC0B826AD816800D4D27D /* Preview Assets.xcassets in Resources */,
				D81BC0B526AD816800D4D27D /* Assets.xcassets in Resources */,
			);
			runOnlyForDeploymentPostprocessing = 0;
		};
/* End PBXResourcesBuildPhase section */

/* Begin PBXSourcesBuildPhase section */
		D81BC0A926AD816500D4D27D /* Sources */ = {
			isa = PBXSourcesBuildPhase;
			buildActionMask = 2147483647;
			files = (
				D82E0BD226B05C9C00BEBAB6 /* LoadingIndicator.swift in Sources */,
				D81BC0C826ADEF5D00D4D27D /* RocketListViewModel.swift in Sources */,
				D81BC0B326AD816500D4D27D /* ContentView.swift in Sources */,
				D81BC0C226ADEE5E00D4D27D /* Home.swift in Sources */,
				D81BC0B126AD816500D4D27D /* SpaceXRocketsApp.swift in Sources */,
				D81BC0CB26ADEFBC00D4D27D /* API.swift in Sources */,
				D8DFB52D26AEDE7B00A81C6F /* Image+Extension.swift in Sources */,
				D81BC0C526ADEE9900D4D27D /* RocketListCell.swift in Sources */,
				D81BC0D026ADF01800D4D27D /* APIPaths.swift in Sources */,
				D81BC0D326ADF07D00D4D27D /* Rocket.swift in Sources */,
				D8DFB52626AECBEF00A81C6F /* RocketDetail.swift in Sources */,
				D879783726B04DC800D7CBEF /* WebView.swift in Sources */,
			);
			runOnlyForDeploymentPostprocessing = 0;
		};
/* End PBXSourcesBuildPhase section */

/* Begin XCBuildConfiguration section */
		D81BC0BA26AD816800D4D27D /* Debug */ = {
			isa = XCBuildConfiguration;
			buildSettings = {
				ALWAYS_SEARCH_USER_PATHS = NO;
				CLANG_ANALYZER_NONNULL = YES;
				CLANG_ANALYZER_NUMBER_OBJECT_CONVERSION = YES_AGGRESSIVE;
				CLANG_CXX_LANGUAGE_STANDARD = "gnu++14";
				CLANG_CXX_LIBRARY = "libc++";
				CLANG_ENABLE_MODULES = YES;
				CLANG_ENABLE_OBJC_ARC = YES;
				CLANG_ENABLE_OBJC_WEAK = YES;
				CLANG_WARN_BLOCK_CAPTURE_AUTORELEASING = YES;
				CLANG_WARN_BOOL_CONVERSION = YES;
				CLANG_WARN_COMMA = YES;
				CLANG_WARN_CONSTANT_CONVERSION = YES;
				CLANG_WARN_DEPRECATED_OBJC_IMPLEMENTATIONS = YES;
				CLANG_WARN_DIRECT_OBJC_ISA_USAGE = YES_ERROR;
				CLANG_WARN_DOCUMENTATION_COMMENTS = YES;
				CLANG_WARN_EMPTY_BODY = YES;
				CLANG_WARN_ENUM_CONVERSION = YES;
				CLANG_WARN_INFINITE_RECURSION = YES;
				CLANG_WARN_INT_CONVERSION = YES;
				CLANG_WARN_NON_LITERAL_NULL_CONVERSION = YES;
				CLANG_WARN_OBJC_IMPLICIT_RETAIN_SELF = YES;
				CLANG_WARN_OBJC_LITERAL_CONVERSION = YES;
				CLANG_WARN_OBJC_ROOT_CLASS = YES_ERROR;
				CLANG_WARN_QUOTED_INCLUDE_IN_FRAMEWORK_HEADER = YES;
				CLANG_WARN_RANGE_LOOP_ANALYSIS = YES;
				CLANG_WARN_STRICT_PROTOTYPES = YES;
				CLANG_WARN_SUSPICIOUS_MOVE = YES;
				CLANG_WARN_UNGUARDED_AVAILABILITY = YES_AGGRESSIVE;
				CLANG_WARN_UNREACHABLE_CODE = YES;
				CLANG_WARN__DUPLICATE_METHOD_MATCH = YES;
				COPY_PHASE_STRIP = NO;
				DEBUG_INFORMATION_FORMAT = dwarf;
				ENABLE_STRICT_OBJC_MSGSEND = YES;
				ENABLE_TESTABILITY = YES;
				GCC_C_LANGUAGE_STANDARD = gnu11;
				GCC_DYNAMIC_NO_PIC = NO;
				GCC_NO_COMMON_BLOCKS = YES;
				GCC_OPTIMIZATION_LEVEL = 0;
				GCC_PREPROCESSOR_DEFINITIONS = (
					"DEBUG=1",
					"$(inherited)",
				);
				GCC_WARN_64_TO_32_BIT_CONVERSION = YES;
				GCC_WARN_ABOUT_RETURN_TYPE = YES_ERROR;
				GCC_WARN_UNDECLARED_SELECTOR = YES;
				GCC_WARN_UNINITIALIZED_AUTOS = YES_AGGRESSIVE;
				GCC_WARN_UNUSED_FUNCTION = YES;
				GCC_WARN_UNUSED_VARIABLE = YES;
				IPHONEOS_DEPLOYMENT_TARGET = 14.5;
				MTL_ENABLE_DEBUG_INFO = INCLUDE_SOURCE;
				MTL_FAST_MATH = YES;
				ONLY_ACTIVE_ARCH = YES;
				SDKROOT = iphoneos;
				SWIFT_ACTIVE_COMPILATION_CONDITIONS = DEBUG;
				SWIFT_OPTIMIZATION_LEVEL = "-Onone";
			};
			name = Debug;
		};
		D81BC0BB26AD816800D4D27D /* Release */ = {
			isa = XCBuildConfiguration;
			buildSettings = {
				ALWAYS_SEARCH_USER_PATHS = NO;
				CLANG_ANALYZER_NONNULL = YES;
				CLANG_ANALYZER_NUMBER_OBJECT_CONVERSION = YES_AGGRESSIVE;
				CLANG_CXX_LANGUAGE_STANDARD = "gnu++14";
				CLANG_CXX_LIBRARY = "libc++";
				CLANG_ENABLE_MODULES = YES;
				CLANG_ENABLE_OBJC_ARC = YES;
				CLANG_ENABLE_OBJC_WEAK = YES;
				CLANG_WARN_BLOCK_CAPTURE_AUTORELEASING = YES;
				CLANG_WARN_BOOL_CONVERSION = YES;
				CLANG_WARN_COMMA = YES;
				CLANG_WARN_CONSTANT_CONVERSION = YES;
				CLANG_WARN_DEPRECATED_OBJC_IMPLEMENTATIONS = YES;
				CLANG_WARN_DIRECT_OBJC_ISA_USAGE = YES_ERROR;
				CLANG_WARN_DOCUMENTATION_COMMENTS = YES;
				CLANG_WARN_EMPTY_BODY = YES;
				CLANG_WARN_ENUM_CONVERSION = YES;
				CLANG_WARN_INFINITE_RECURSION = YES;
				CLANG_WARN_INT_CONVERSION = YES;
				CLANG_WARN_NON_LITERAL_NULL_CONVERSION = YES;
				CLANG_WARN_OBJC_IMPLICIT_RETAIN_SELF = YES;
				CLANG_WARN_OBJC_LITERAL_CONVERSION = YES;
				CLANG_WARN_OBJC_ROOT_CLASS = YES_ERROR;
				CLANG_WARN_QUOTED_INCLUDE_IN_FRAMEWORK_HEADER = YES;
				CLANG_WARN_RANGE_LOOP_ANALYSIS = YES;
				CLANG_WARN_STRICT_PROTOTYPES = YES;
				CLANG_WARN_SUSPICIOUS_MOVE = YES;
				CLANG_WARN_UNGUARDED_AVAILABILITY = YES_AGGRESSIVE;
				CLANG_WARN_UNREACHABLE_CODE = YES;
				CLANG_WARN__DUPLICATE_METHOD_MATCH = YES;
				COPY_PHASE_STRIP = NO;
				DEBUG_INFORMATION_FORMAT = "dwarf-with-dsym";
				ENABLE_NS_ASSERTIONS = NO;
				ENABLE_STRICT_OBJC_MSGSEND = YES;
				GCC_C_LANGUAGE_STANDARD = gnu11;
				GCC_NO_COMMON_BLOCKS = YES;
				GCC_WARN_64_TO_32_BIT_CONVERSION = YES;
				GCC_WARN_ABOUT_RETURN_TYPE = YES_ERROR;
				GCC_WARN_UNDECLARED_SELECTOR = YES;
				GCC_WARN_UNINITIALIZED_AUTOS = YES_AGGRESSIVE;
				GCC_WARN_UNUSED_FUNCTION = YES;
				GCC_WARN_UNUSED_VARIABLE = YES;
				IPHONEOS_DEPLOYMENT_TARGET = 14.5;
				MTL_ENABLE_DEBUG_INFO = NO;
				MTL_FAST_MATH = YES;
				SDKROOT = iphoneos;
				SWIFT_COMPILATION_MODE = wholemodule;
				SWIFT_OPTIMIZATION_LEVEL = "-O";
				VALIDATE_PRODUCT = YES;
			};
			name = Release;
		};
		D81BC0BD26AD816800D4D27D /* Debug */ = {
			isa = XCBuildConfiguration;
			buildSettings = {
				ASSETCATALOG_COMPILER_APPICON_NAME = AppIcon;
				ASSETCATALOG_COMPILER_GLOBAL_ACCENT_COLOR_NAME = AccentColor;
				CODE_SIGN_STYLE = Automatic;
				DEVELOPMENT_ASSET_PATHS = "\"SpaceXRockets/Preview Content\"";
				DEVELOPMENT_TEAM = 3MCKVUYN29;
				ENABLE_PREVIEWS = YES;
				INFOPLIST_FILE = SpaceXRockets/Info.plist;
				IPHONEOS_DEPLOYMENT_TARGET = 14.0;
				LD_RUNPATH_SEARCH_PATHS = (
					"$(inherited)",
					"@executable_path/Frameworks",
				);
				PRODUCT_BUNDLE_IDENTIFIER = com.batuhanbaran.SpaceXRockets;
				PRODUCT_NAME = "$(TARGET_NAME)";
				SWIFT_VERSION = 5.0;
				TARGETED_DEVICE_FAMILY = "1,2";
			};
			name = Debug;
		};
		D81BC0BE26AD816800D4D27D /* Release */ = {
			isa = XCBuildConfiguration;
			buildSettings = {
				ASSETCATALOG_COMPILER_APPICON_NAME = AppIcon;
				ASSETCATALOG_COMPILER_GLOBAL_ACCENT_COLOR_NAME = AccentColor;
				CODE_SIGN_STYLE = Automatic;
				DEVELOPMENT_ASSET_PATHS = "\"SpaceXRockets/Preview Content\"";
				DEVELOPMENT_TEAM = 3MCKVUYN29;
				ENABLE_PREVIEWS = YES;
				INFOPLIST_FILE = SpaceXRockets/Info.plist;
				IPHONEOS_DEPLOYMENT_TARGET = 14.0;
				LD_RUNPATH_SEARCH_PATHS = (
					"$(inherited)",
					"@executable_path/Frameworks",
				);
				PRODUCT_BUNDLE_IDENTIFIER = com.batuhanbaran.SpaceXRockets;
				PRODUCT_NAME = "$(TARGET_NAME)";
				SWIFT_VERSION = 5.0;
				TARGETED_DEVICE_FAMILY = "1,2";
			};
			name = Release;
		};
/* End XCBuildConfiguration section */

/* Begin XCConfigurationList section */
		D81BC0A826AD816500D4D27D /* Build configuration list for PBXProject "SpaceXRockets" */ = {
			isa = XCConfigurationList;
			buildConfigurations = (
				D81BC0BA26AD816800D4D27D /* Debug */,
				D81BC0BB26AD816800D4D27D /* Release */,
			);
			defaultConfigurationIsVisible = 0;
			defaultConfigurationName = Release;
		};
		D81BC0BC26AD816800D4D27D /* Build configuration list for PBXNativeTarget "SpaceXRockets" */ = {
			isa = XCConfigurationList;
			buildConfigurations = (
				D81BC0BD26AD816800D4D27D /* Debug */,
				D81BC0BE26AD816800D4D27D /* Release */,
			);
			defaultConfigurationIsVisible = 0;
			defaultConfigurationName = Release;
		};
/* End XCConfigurationList section */

/* Begin XCRemoteSwiftPackageReference section */
		D81BC0CC26ADEFEF00D4D27D /* XCRemoteSwiftPackageReference "Alamofire" */ = {
			isa = XCRemoteSwiftPackageReference;
			repositoryURL = "https://github.com/Alamofire/Alamofire.git";
			requirement = {
				kind = upToNextMajorVersion;
				minimumVersion = 5.4.3;
			};
		};
		D8DFB52726AEDE2200A81C6F /* XCRemoteSwiftPackageReference "Kingfisher" */ = {
			isa = XCRemoteSwiftPackageReference;
			repositoryURL = "https://github.com/onevcat/Kingfisher.git";
			requirement = {
				kind = upToNextMajorVersion;
				minimumVersion = 6.3.0;
			};
		};
/* End XCRemoteSwiftPackageReference section */

/* Begin XCSwiftPackageProductDependency section */
		D81BC0CD26ADEFEF00D4D27D /* Alamofire */ = {
			isa = XCSwiftPackageProductDependency;
			package = D81BC0CC26ADEFEF00D4D27D /* XCRemoteSwiftPackageReference "Alamofire" */;
			productName = Alamofire;
		};
		D8DFB52826AEDE2200A81C6F /* Kingfisher */ = {
			isa = XCSwiftPackageProductDependency;
			package = D8DFB52726AEDE2200A81C6F /* XCRemoteSwiftPackageReference "Kingfisher" */;
			productName = Kingfisher;
		};
/* End XCSwiftPackageProductDependency section */
	};
	rootObject = D81BC0A526AD816500D4D27D /* Project object */;
}
